
Microsoft Visual Studio Solution File, Format Version 12.00
# Visual Studio Version 17
VisualStudioVersion = 17.9.34728.123
MinimumVisualStudioVersion = 10.0.40219.1
Project("{FAE04EC0-301F-11D3-BF4B-00C04F79EFBC}") = "Factura_Windows_Form", "Factura_Windows_Form\Factura_Windows_Form.csproj", "{78557920-39A8-4D42-B71B-672ED0ECB1BD}"
EndProject
Global
	GlobalSection(SolutionConfigurationPlatforms) = preSolution
		Debug|Any CPU = Debug|Any CPU
		Release|Any CPU = Release|Any CPU
	EndGlobalSection
	GlobalSection(ProjectConfigurationPlatforms) = postSolution
		{78557920-39A8-4D42-B71B-672ED0ECB1BD}.Debug|Any CPU.ActiveCfg = Debug|Any CPU
		{78557920-39A8-4D42-B71B-672ED0ECB1BD}.Debug|Any CPU.Build.0 = Debug|Any CPU
		{78557920-39A8-4D42-B71B-672ED0ECB1BD}.Release|Any CPU.ActiveCfg = Release|Any CPU
		{78557920-39A8-4D42-B71B-672ED0ECB1BD}.Release|Any CPU.Build.0 = Release|Any CPU
	EndGlobalSection
	GlobalSection(SolutionProperties) = preSolution
		HideSolutionNode = FALSE
	EndGlobalSection
	GlobalSection(ExtensibilityGlobals) = postSolution
		SolutionGuid = {D1C827B1-A6C7-48A2-AFE5-5917CF750448}
	EndGlobalSection
EndGlobal
